
Microsoft Visual Studio Solution File, Format Version 12.00
# Visual Studio Version 16
VisualStudioVersion = 16.0.29613.14
MinimumVisualStudioVersion = 10.0.40219.1
Project("{FAE04EC0-301F-11D3-BF4B-00C04F79EFBC}") = "Assignment3", "Assignment3\Assignment3.csproj", "{D42A47B6-7DA8-481F-A224-08F2299F36DD}"
EndProject
Global
	GlobalSection(SolutionConfigurationPlatforms) = preSolution
		Debug|Any CPU = Debug|Any CPU
		Release|Any CPU = Release|Any CPU
	EndGlobalSection
	GlobalSection(ProjectConfigurationPlatforms) = postSolution
		{D42A47B6-7DA8-481F-A224-08F2299F36DD}.Debug|Any CPU.ActiveCfg = Debug|Any CPU
		{D42A47B6-7DA8-481F-A224-08F2299F36DD}.Debug|Any CPU.Build.0 = Debug|Any CPU
		{D42A47B6-7DA8-481F-A224-08F2299F36DD}.Release|Any CPU.ActiveCfg = Release|Any CPU
		{D42A47B6-7DA8-481F-A224-08F2299F36DD}.Release|Any CPU.Build.0 = Release|Any CPU
	EndGlobalSection
	GlobalSection(SolutionProperties) = preSolution
		HideSolutionNode = FALSE
	EndGlobalSection
	GlobalSection(ExtensibilityGlobals) = postSolution
		SolutionGuid = {766D4D5F-87E2-44B6-8C43-5ED5BAB8C091}
	EndGlobalSection
EndGlobal
