
Microsoft Visual Studio Solution File, Format Version 12.00
# Visual Studio Version 16
VisualStudioVersion = 16.0.29613.14
MinimumVisualStudioVersion = 10.0.40219.1
Project("{FAE04EC0-301F-11D3-BF4B-00C04F79EFBC}") = "Rectangle Tester", "Rectangle Tester\Rectangle Tester.csproj", "{10F2CFA9-DFF9-4765-A092-E5ACE850BF26}"
EndProject
Project("{FAE04EC0-301F-11D3-BF4B-00C04F79EFBC}") = "Assignment2", "Assignment2\Assignment2.csproj", "{D209CF8A-D303-4C8F-9D7E-176BB2609A17}"
EndProject
Global
	GlobalSection(SolutionConfigurationPlatforms) = preSolution
		Debug|Any CPU = Debug|Any CPU
		Release|Any CPU = Release|Any CPU
	EndGlobalSection
	GlobalSection(ProjectConfigurationPlatforms) = postSolution
		{10F2CFA9-DFF9-4765-A092-E5ACE850BF26}.Debug|Any CPU.ActiveCfg = Debug|Any CPU
		{10F2CFA9-DFF9-4765-A092-E5ACE850BF26}.Debug|Any CPU.Build.0 = Debug|Any CPU
		{10F2CFA9-DFF9-4765-A092-E5ACE850BF26}.Release|Any CPU.ActiveCfg = Release|Any CPU
		{10F2CFA9-DFF9-4765-A092-E5ACE850BF26}.Release|Any CPU.Build.0 = Release|Any CPU
		{D209CF8A-D303-4C8F-9D7E-176BB2609A17}.Debug|Any CPU.ActiveCfg = Debug|Any CPU
		{D209CF8A-D303-4C8F-9D7E-176BB2609A17}.Debug|Any CPU.Build.0 = Debug|Any CPU
		{D209CF8A-D303-4C8F-9D7E-176BB2609A17}.Release|Any CPU.ActiveCfg = Release|Any CPU
		{D209CF8A-D303-4C8F-9D7E-176BB2609A17}.Release|Any CPU.Build.0 = Release|Any CPU
	EndGlobalSection
	GlobalSection(SolutionProperties) = preSolution
		HideSolutionNode = FALSE
	EndGlobalSection
	GlobalSection(ExtensibilityGlobals) = postSolution
		SolutionGuid = {766D4D5F-87E2-44B6-8C43-5ED5BAB8C091}
	EndGlobalSection
EndGlobal
